
Microsoft Visual Studio Solution File, Format Version 12.00
# Visual Studio 2012
# SharpDevelop 5.1
VisualStudioVersion = 12.0.20827.3
MinimumVisualStudioVersion = 10.0.40219.1
Project("{FAE04EC0-301F-11D3-BF4B-00C04F79EFBC}") = "WebApi2.MongoLogin", "WebApi2.MongoLogin.csproj", "{7B20D279-398D-4A4C-81A5-0CDD8B84CABA}"
EndProject
Global
	GlobalSection(SolutionConfigurationPlatforms) = preSolution
		Debug|Any CPU = Debug|Any CPU
		Release|Any CPU = Release|Any CPU
	EndGlobalSection
	GlobalSection(ProjectConfigurationPlatforms) = postSolution
		{7B20D279-398D-4A4C-81A5-0CDD8B84CABA}.Debug|Any CPU.ActiveCfg = Debug|Any CPU
		{7B20D279-398D-4A4C-81A5-0CDD8B84CABA}.Debug|Any CPU.Build.0 = Debug|Any CPU
		{7B20D279-398D-4A4C-81A5-0CDD8B84CABA}.Release|Any CPU.ActiveCfg = Release|Any CPU
		{7B20D279-398D-4A4C-81A5-0CDD8B84CABA}.Release|Any CPU.Build.0 = Release|Any CPU
	EndGlobalSection
EndGlobal
